{
  "version": "5",
  "specifiers": {
    "npm:neverthrow@*": "8.2.0",
    "npm:radashi@*": "12.5.1"
  },
  "npm": {
    "@rollup/rollup-linux-x64-gnu@4.42.0": {
      "integrity": "sha512-Gfm6cV6mj3hCUY8TqWa63DB8Mx3NADoFwiJrMpoZ1uESbK8FQV3LXkhfry+8bOniq9pqY1OdsjFWNsSbfjPugw==",
      "os": ["linux"],
      "cpu": ["x64"]
    },
    "neverthrow@8.2.0": {
      "integrity": "sha512-kOCT/1MCPAxY5iUV3wytNFUMUolzuwd/VF/1KCx7kf6CutrOsTie+84zTGTpgQycjvfLdBBdvBvFLqFD2c0wkQ==",
      "optionalDependencies": [
        "@rollup/rollup-linux-x64-gnu"
      ]
    },
    "radashi@12.5.1": {
      "integrity": "sha512-gcznSPJe2SCIuWf6QTqSHZRyMQU6hnUk4NpR7LmmNmdK1BGOXdnHuNIO4VzNw+feu0Wsnv/AYmxqwUYDBatPMA=="
    }
  }
}
